# THIS IS AN AUTOGENERATED FILE. DO NOT EDIT THIS FILE DIRECTLY.
# yarn lockfile v1


"@cspotcode/source-map-support@^0.8.0":
  version "0.8.1"
  resolved "https://registry.npmmirror.com/@cspotcode/source-map-support/-/source-map-support-0.8.1.tgz#00629c35a688e05a88b1cda684fb9d5e73f000a1"
  integrity sha512-IchNf6dN4tHoMFIn/7OE8LWZ19Y6q/67Bmf6vnGREv8RSbBVb9LPJxEcnwrcwX6ixSvaiGoomAUvu4YSxXrVgw==
  dependencies:
    "@jridgewell/trace-mapping" "0.3.9"

"@esbuild/aix-ppc64@0.25.5":
  version "0.25.5"
  resolved "https://registry.npmmirror.com/@esbuild/aix-ppc64/-/aix-ppc64-0.25.5.tgz#4e0f91776c2b340e75558f60552195f6fad09f18"
  integrity sha512-9o3TMmpmftaCMepOdA5k/yDw8SfInyzWWTjYTFCX3kPSDJMROQTb8jg+h9Cnwnmm1vOzvxN7gIfB5V2ewpjtGA==

"@esbuild/android-arm64@0.25.5":
  version "0.25.5"
  resolved "https://registry.npmmirror.com/@esbuild/android-arm64/-/android-arm64-0.25.5.tgz#bc766407f1718923f6b8079c8c61bf86ac3a6a4f"
  integrity sha512-VGzGhj4lJO+TVGV1v8ntCZWJktV7SGCs3Pn1GRWI1SBFtRALoomm8k5E9Pmwg3HOAal2VDc2F9+PM/rEY6oIDg==

"@esbuild/android-arm@0.25.5":
  version "0.25.5"
  resolved "https://registry.npmmirror.com/@esbuild/android-arm/-/android-arm-0.25.5.tgz#4290d6d3407bae3883ad2cded1081a234473ce26"
  integrity sha512-AdJKSPeEHgi7/ZhuIPtcQKr5RQdo6OO2IL87JkianiMYMPbCtot9fxPbrMiBADOWWm3T2si9stAiVsGbTQFkbA==

"@esbuild/android-x64@0.25.5":
  version "0.25.5"
  resolved "https://registry.npmmirror.com/@esbuild/android-x64/-/android-x64-0.25.5.tgz#40c11d9cbca4f2406548c8a9895d321bc3b35eff"
  integrity sha512-D2GyJT1kjvO//drbRT3Hib9XPwQeWd9vZoBJn+bu/lVsOZ13cqNdDeqIF/xQ5/VmWvMduP6AmXvylO/PIc2isw==

"@esbuild/darwin-arm64@0.25.5":
  version "0.25.5"
  resolved "https://registry.npmmirror.com/@esbuild/darwin-arm64/-/darwin-arm64-0.25.5.tgz#49d8bf8b1df95f759ac81eb1d0736018006d7e34"
  integrity sha512-GtaBgammVvdF7aPIgH2jxMDdivezgFu6iKpmT+48+F8Hhg5J/sfnDieg0aeG/jfSvkYQU2/pceFPDKlqZzwnfQ==

"@esbuild/darwin-x64@0.25.5":
  version "0.25.5"
  resolved "https://registry.npmmirror.com/@esbuild/darwin-x64/-/darwin-x64-0.25.5.tgz#e27a5d92a14886ef1d492fd50fc61a2d4d87e418"
  integrity sha512-1iT4FVL0dJ76/q1wd7XDsXrSW+oLoquptvh4CLR4kITDtqi2e/xwXwdCVH8hVHU43wgJdsq7Gxuzcs6Iq/7bxQ==

"@esbuild/freebsd-arm64@0.25.5":
  version "0.25.5"
  resolved "https://registry.npmmirror.com/@esbuild/freebsd-arm64/-/freebsd-arm64-0.25.5.tgz#97cede59d638840ca104e605cdb9f1b118ba0b1c"
  integrity sha512-nk4tGP3JThz4La38Uy/gzyXtpkPW8zSAmoUhK9xKKXdBCzKODMc2adkB2+8om9BDYugz+uGV7sLmpTYzvmz6Sw==

"@esbuild/freebsd-x64@0.25.5":
  version "0.25.5"
  resolved "https://registry.npmmirror.com/@esbuild/freebsd-x64/-/freebsd-x64-0.25.5.tgz#71c77812042a1a8190c3d581e140d15b876b9c6f"
  integrity sha512-PrikaNjiXdR2laW6OIjlbeuCPrPaAl0IwPIaRv+SMV8CiM8i2LqVUHFC1+8eORgWyY7yhQY+2U2fA55mBzReaw==

"@esbuild/linux-arm64@0.25.5":
  version "0.25.5"
  resolved "https://registry.npmmirror.com/@esbuild/linux-arm64/-/linux-arm64-0.25.5.tgz#f7b7c8f97eff8ffd2e47f6c67eb5c9765f2181b8"
  integrity sha512-Z9kfb1v6ZlGbWj8EJk9T6czVEjjq2ntSYLY2cw6pAZl4oKtfgQuS4HOq41M/BcoLPzrUbNd+R4BXFyH//nHxVg==

"@esbuild/linux-arm@0.25.5":
  version "0.25.5"
  resolved "https://registry.npmmirror.com/@esbuild/linux-arm/-/linux-arm-0.25.5.tgz#2a0be71b6cd8201fa559aea45598dffabc05d911"
  integrity sha512-cPzojwW2okgh7ZlRpcBEtsX7WBuqbLrNXqLU89GxWbNt6uIg78ET82qifUy3W6OVww6ZWobWub5oqZOVtwolfw==

"@esbuild/linux-ia32@0.25.5":
  version "0.25.5"
  resolved "https://registry.npmmirror.com/@esbuild/linux-ia32/-/linux-ia32-0.25.5.tgz#763414463cd9ea6fa1f96555d2762f9f84c61783"
  integrity sha512-sQ7l00M8bSv36GLV95BVAdhJ2QsIbCuCjh/uYrWiMQSUuV+LpXwIqhgJDcvMTj+VsQmqAHL2yYaasENvJ7CDKA==

"@esbuild/linux-loong64@0.25.5":
  version "0.25.5"
  resolved "https://registry.npmmirror.com/@esbuild/linux-loong64/-/linux-loong64-0.25.5.tgz#428cf2213ff786a502a52c96cf29d1fcf1eb8506"
  integrity sha512-0ur7ae16hDUC4OL5iEnDb0tZHDxYmuQyhKhsPBV8f99f6Z9KQM02g33f93rNH5A30agMS46u2HP6qTdEt6Q1kg==

"@esbuild/linux-mips64el@0.25.5":
  version "0.25.5"
  resolved "https://registry.npmmirror.com/@esbuild/linux-mips64el/-/linux-mips64el-0.25.5.tgz#5cbcc7fd841b4cd53358afd33527cd394e325d96"
  integrity sha512-kB/66P1OsHO5zLz0i6X0RxlQ+3cu0mkxS3TKFvkb5lin6uwZ/ttOkP3Z8lfR9mJOBk14ZwZ9182SIIWFGNmqmg==

"@esbuild/linux-ppc64@0.25.5":
  version "0.25.5"
  resolved "https://registry.npmmirror.com/@esbuild/linux-ppc64/-/linux-ppc64-0.25.5.tgz#0d954ab39ce4f5e50f00c4f8c4fd38f976c13ad9"
  integrity sha512-UZCmJ7r9X2fe2D6jBmkLBMQetXPXIsZjQJCjgwpVDz+YMcS6oFR27alkgGv3Oqkv07bxdvw7fyB71/olceJhkQ==

"@esbuild/linux-riscv64@0.25.5":
  version "0.25.5"
  resolved "https://registry.npmmirror.com/@esbuild/linux-riscv64/-/linux-riscv64-0.25.5.tgz#0e7dd30730505abd8088321e8497e94b547bfb1e"
  integrity sha512-kTxwu4mLyeOlsVIFPfQo+fQJAV9mh24xL+y+Bm6ej067sYANjyEw1dNHmvoqxJUCMnkBdKpvOn0Ahql6+4VyeA==

"@esbuild/linux-s390x@0.25.5":
  version "0.25.5"
  resolved "https://registry.npmmirror.com/@esbuild/linux-s390x/-/linux-s390x-0.25.5.tgz#5669af81327a398a336d7e40e320b5bbd6e6e72d"
  integrity sha512-K2dSKTKfmdh78uJ3NcWFiqyRrimfdinS5ErLSn3vluHNeHVnBAFWC8a4X5N+7FgVE1EjXS1QDZbpqZBjfrqMTQ==

"@esbuild/linux-x64@0.25.5":
  version "0.25.5"
  resolved "https://registry.npmmirror.com/@esbuild/linux-x64/-/linux-x64-0.25.5.tgz#b2357dd153aa49038967ddc1ffd90c68a9d2a0d4"
  integrity sha512-uhj8N2obKTE6pSZ+aMUbqq+1nXxNjZIIjCjGLfsWvVpy7gKCOL6rsY1MhRh9zLtUtAI7vpgLMK6DxjO8Qm9lJw==

"@esbuild/netbsd-arm64@0.25.5":
  version "0.25.5"
  resolved "https://registry.npmmirror.com/@esbuild/netbsd-arm64/-/netbsd-arm64-0.25.5.tgz#53b4dfb8fe1cee93777c9e366893bd3daa6ba63d"
  integrity sha512-pwHtMP9viAy1oHPvgxtOv+OkduK5ugofNTVDilIzBLpoWAM16r7b/mxBvfpuQDpRQFMfuVr5aLcn4yveGvBZvw==

"@esbuild/netbsd-x64@0.25.5":
  version "0.25.5"
  resolved "https://registry.npmmirror.com/@esbuild/netbsd-x64/-/netbsd-x64-0.25.5.tgz#a0206f6314ce7dc8713b7732703d0f58de1d1e79"
  integrity sha512-WOb5fKrvVTRMfWFNCroYWWklbnXH0Q5rZppjq0vQIdlsQKuw6mdSihwSo4RV/YdQ5UCKKvBy7/0ZZYLBZKIbwQ==

"@esbuild/openbsd-arm64@0.25.5":
  version "0.25.5"
  resolved "https://registry.npmmirror.com/@esbuild/openbsd-arm64/-/openbsd-arm64-0.25.5.tgz#2a796c87c44e8de78001d808c77d948a21ec22fd"
  integrity sha512-7A208+uQKgTxHd0G0uqZO8UjK2R0DDb4fDmERtARjSHWxqMTye4Erz4zZafx7Di9Cv+lNHYuncAkiGFySoD+Mw==

"@esbuild/openbsd-x64@0.25.5":
  version "0.25.5"
  resolved "https://registry.npmmirror.com/@esbuild/openbsd-x64/-/openbsd-x64-0.25.5.tgz#28d0cd8909b7fa3953af998f2b2ed34f576728f0"
  integrity sha512-G4hE405ErTWraiZ8UiSoesH8DaCsMm0Cay4fsFWOOUcz8b8rC6uCvnagr+gnioEjWn0wC+o1/TAHt+It+MpIMg==

"@esbuild/sunos-x64@0.25.5":
  version "0.25.5"
  resolved "https://registry.npmmirror.com/@esbuild/sunos-x64/-/sunos-x64-0.25.5.tgz#a28164f5b997e8247d407e36c90d3fd5ddbe0dc5"
  integrity sha512-l+azKShMy7FxzY0Rj4RCt5VD/q8mG/e+mDivgspo+yL8zW7qEwctQ6YqKX34DTEleFAvCIUviCFX1SDZRSyMQA==

"@esbuild/win32-arm64@0.25.5":
  version "0.25.5"
  resolved "https://registry.npmmirror.com/@esbuild/win32-arm64/-/win32-arm64-0.25.5.tgz#6eadbead38e8bd12f633a5190e45eff80e24007e"
  integrity sha512-O2S7SNZzdcFG7eFKgvwUEZ2VG9D/sn/eIiz8XRZ1Q/DO5a3s76Xv0mdBzVM5j5R639lXQmPmSo0iRpHqUUrsxw==

"@esbuild/win32-ia32@0.25.5":
  version "0.25.5"
  resolved "https://registry.npmmirror.com/@esbuild/win32-ia32/-/win32-ia32-0.25.5.tgz#bab6288005482f9ed2adb9ded7e88eba9a62cc0d"
  integrity sha512-onOJ02pqs9h1iMJ1PQphR+VZv8qBMQ77Klcsqv9CNW2w6yLqoURLcgERAIurY6QE63bbLuqgP9ATqajFLK5AMQ==

"@esbuild/win32-x64@0.25.5":
  version "0.25.5"
  resolved "https://registry.npmmirror.com/@esbuild/win32-x64/-/win32-x64-0.25.5.tgz#7fc114af5f6563f19f73324b5d5ff36ece0803d1"
  integrity sha512-TXv6YnJ8ZMVdX+SXWVBo/0p8LTcrUYngpWjvm91TMjjBQii7Oz11Lw5lbDV5Y0TzuhSJHwiH4hEtC1I42mMS0g==

"@inquirer/checkbox@^4.1.9":
  version "4.1.9"
  resolved "https://registry.npmmirror.com/@inquirer/checkbox/-/checkbox-4.1.9.tgz#431c65a3a1fd289be8102034ece15c91dda1ceec"
  integrity sha512-DBJBkzI5Wx4jFaYm221LHvAhpKYkhVS0k9plqHwaHhofGNxvYB7J3Bz8w+bFJ05zaMb0sZNHo4KdmENQFlNTuQ==
  dependencies:
    "@inquirer/core" "^10.1.14"
    "@inquirer/figures" "^1.0.12"
    "@inquirer/type" "^3.0.7"
    ansi-escapes "^4.3.2"
    yoctocolors-cjs "^2.1.2"

"@inquirer/confirm@^5.1.13":
  version "5.1.13"
  resolved "https://registry.npmmirror.com/@inquirer/confirm/-/confirm-5.1.13.tgz#4931515edc63e25d833c9a40ccf1855e8e822dbc"
  integrity sha512-EkCtvp67ICIVVzjsquUiVSd+V5HRGOGQfsqA4E4vMWhYnB7InUL0pa0TIWt1i+OfP16Gkds8CdIu6yGZwOM1Yw==
  dependencies:
    "@inquirer/core" "^10.1.14"
    "@inquirer/type" "^3.0.7"

"@inquirer/core@^10.1.14":
  version "10.1.14"
  resolved "https://registry.npmmirror.com/@inquirer/core/-/core-10.1.14.tgz#7678b2daaecf32fa2f6e02a03dc235f9620e197f"
  integrity sha512-Ma+ZpOJPewtIYl6HZHZckeX1STvDnHTCB2GVINNUlSEn2Am6LddWwfPkIGY0IUFVjUUrr/93XlBwTK6mfLjf0A==
  dependencies:
    "@inquirer/figures" "^1.0.12"
    "@inquirer/type" "^3.0.7"
    ansi-escapes "^4.3.2"
    cli-width "^4.1.0"
    mute-stream "^2.0.0"
    signal-exit "^4.1.0"
    wrap-ansi "^6.2.0"
    yoctocolors-cjs "^2.1.2"

"@inquirer/editor@^4.2.14":
  version "4.2.14"
  resolved "https://registry.npmmirror.com/@inquirer/editor/-/editor-4.2.14.tgz#74565caa37cd5f892a44663455194c35a527bfaf"
  integrity sha512-yd2qtLl4QIIax9DTMZ1ZN2pFrrj+yL3kgIWxm34SS6uwCr0sIhsNyudUjAo5q3TqI03xx4SEBkUJqZuAInp9uA==
  dependencies:
    "@inquirer/core" "^10.1.14"
    "@inquirer/type" "^3.0.7"
    external-editor "^3.1.0"

"@inquirer/expand@^4.0.16":
  version "4.0.16"
  resolved "https://registry.npmmirror.com/@inquirer/expand/-/expand-4.0.16.tgz#c87bbb0d5b05e4b54366e2841f993819f2339290"
  integrity sha512-oiDqafWzMtofeJyyGkb1CTPaxUkjIcSxePHHQCfif8t3HV9pHcw1Kgdw3/uGpDvaFfeTluwQtWiqzPVjAqS3zA==
  dependencies:
    "@inquirer/core" "^10.1.14"
    "@inquirer/type" "^3.0.7"
    yoctocolors-cjs "^2.1.2"

"@inquirer/figures@^1.0.12":
  version "1.0.12"
  resolved "https://registry.npmmirror.com/@inquirer/figures/-/figures-1.0.12.tgz#667d6254cc7ba3b0c010a323d78024a1d30c6053"
  integrity sha512-MJttijd8rMFcKJC8NYmprWr6hD3r9Gd9qUC0XwPNwoEPWSMVJwA2MlXxF+nhZZNMY+HXsWa+o7KY2emWYIn0jQ==

"@inquirer/input@^4.2.0":
  version "4.2.0"
  resolved "https://registry.npmmirror.com/@inquirer/input/-/input-4.2.0.tgz#ba13f09765b040964e21402b8f3d8019791996f9"
  integrity sha512-opqpHPB1NjAmDISi3uvZOTrjEEU5CWVu/HBkDby8t93+6UxYX0Z7Ps0Ltjm5sZiEbWenjubwUkivAEYQmy9xHw==
  dependencies:
    "@inquirer/core" "^10.1.14"
    "@inquirer/type" "^3.0.7"

"@inquirer/number@^3.0.16":
  version "3.0.16"
  resolved "https://registry.npmmirror.com/@inquirer/number/-/number-3.0.16.tgz#1abf6fc71af9f44954291a6d9211a9e572c64906"
  integrity sha512-kMrXAaKGavBEoBYUCgualbwA9jWUx2TjMA46ek+pEKy38+LFpL9QHlTd8PO2kWPUgI/KB+qi02o4y2rwXbzr3Q==
  dependencies:
    "@inquirer/core" "^10.1.14"
    "@inquirer/type" "^3.0.7"

"@inquirer/password@^4.0.16":
  version "4.0.16"
  resolved "https://registry.npmmirror.com/@inquirer/password/-/password-4.0.16.tgz#baa79020aa371b7b2acfaba973d93223adf91580"
  integrity sha512-g8BVNBj5Zeb5/Y3cSN+hDUL7CsIFDIuVxb9EPty3lkxBaYpjL5BNRKSYOF9yOLe+JOcKFd+TSVeADQ4iSY7rbg==
  dependencies:
    "@inquirer/core" "^10.1.14"
    "@inquirer/type" "^3.0.7"
    ansi-escapes "^4.3.2"

"@inquirer/prompts@^7.5.3":
  version "7.6.0"
  resolved "https://registry.npmmirror.com/@inquirer/prompts/-/prompts-7.6.0.tgz#46f82154d9d9e4d8a2999d36f9da3594b1dda9f8"
  integrity sha512-jAhL7tyMxB3Gfwn4HIJ0yuJ5pvcB5maYUcouGcgd/ub79f9MqZ+aVnBtuFf+VC2GTkCBF+R+eo7Vi63w5VZlzw==
  dependencies:
    "@inquirer/checkbox" "^4.1.9"
    "@inquirer/confirm" "^5.1.13"
    "@inquirer/editor" "^4.2.14"
    "@inquirer/expand" "^4.0.16"
    "@inquirer/input" "^4.2.0"
    "@inquirer/number" "^3.0.16"
    "@inquirer/password" "^4.0.16"
    "@inquirer/rawlist" "^4.1.4"
    "@inquirer/search" "^3.0.16"
    "@inquirer/select" "^4.2.4"

"@inquirer/rawlist@^4.1.4":
  version "4.1.4"
  resolved "https://registry.npmmirror.com/@inquirer/rawlist/-/rawlist-4.1.4.tgz#a08ccbd2cc3c800fc09787a690918cb3932abbc6"
  integrity sha512-5GGvxVpXXMmfZNtvWw4IsHpR7RzqAR624xtkPd1NxxlV5M+pShMqzL4oRddRkg8rVEOK9fKdJp1jjVML2Lr7TQ==
  dependencies:
    "@inquirer/core" "^10.1.14"
    "@inquirer/type" "^3.0.7"
    yoctocolors-cjs "^2.1.2"

"@inquirer/search@^3.0.16":
  version "3.0.16"
  resolved "https://registry.npmmirror.com/@inquirer/search/-/search-3.0.16.tgz#b72a75216f59a42a77fc5727b47f6bc776d88d3d"
  integrity sha512-POCmXo+j97kTGU6aeRjsPyuCpQQfKcMXdeTMw708ZMtWrj5aykZvlUxH4Qgz3+Y1L/cAVZsSpA+UgZCu2GMOMg==
  dependencies:
    "@inquirer/core" "^10.1.14"
    "@inquirer/figures" "^1.0.12"
    "@inquirer/type" "^3.0.7"
    yoctocolors-cjs "^2.1.2"

"@inquirer/select@^4.2.4":
  version "4.2.4"
  resolved "https://registry.npmmirror.com/@inquirer/select/-/select-4.2.4.tgz#72c964e24bf15316cbc4dc08183106a094c975f2"
  integrity sha512-unTppUcTjmnbl/q+h8XeQDhAqIOmwWYWNyiiP2e3orXrg6tOaa5DHXja9PChCSbChOsktyKgOieRZFnajzxoBg==
  dependencies:
    "@inquirer/core" "^10.1.14"
    "@inquirer/figures" "^1.0.12"
    "@inquirer/type" "^3.0.7"
    ansi-escapes "^4.3.2"
    yoctocolors-cjs "^2.1.2"

"@inquirer/type@^3.0.7":
  version "3.0.7"
  resolved "https://registry.npmmirror.com/@inquirer/type/-/type-3.0.7.tgz#b46bcf377b3172dbc768fdbd053e6492ad801a09"
  integrity sha512-PfunHQcjwnju84L+ycmcMKB/pTPIngjUJvfnRhKY6FKPuYXlM4aQCb/nIdTFR6BEhMjFvngzvng/vBAJMZpLSA==

"@jridgewell/resolve-uri@^3.0.3":
  version "3.1.2"
  resolved "https://registry.npmmirror.com/@jridgewell/resolve-uri/-/resolve-uri-3.1.2.tgz#7a0ee601f60f99a20c7c7c5ff0c80388c1189bd6"
  integrity sha512-bRISgCIjP20/tbWSPWMEi54QVPRZExkuD9lJL+UIxUKtwVJA8wW1Trb1jMs1RFXo1CBTNZ/5hpC9QvmKWdopKw==

"@jridgewell/sourcemap-codec@^1.4.10":
  version "1.5.4"
  resolved "https://registry.npmmirror.com/@jridgewell/sourcemap-codec/-/sourcemap-codec-1.5.4.tgz#7358043433b2e5da569aa02cbc4c121da3af27d7"
  integrity sha512-VT2+G1VQs/9oz078bLrYbecdZKs912zQlkelYpuf+SXF+QvZDYJlbx/LSx+meSAwdDFnF8FVXW92AVjjkVmgFw==

"@jridgewell/trace-mapping@0.3.9":
  version "0.3.9"
  resolved "https://registry.npmmirror.com/@jridgewell/trace-mapping/-/trace-mapping-0.3.9.tgz#6534fd5933a53ba7cbf3a17615e273a0d1273ff9"
  integrity sha512-3Belt6tdc8bPgAtbcmdtNJlirVoTmEb5e2gC94PnkwEW9jI6CAHUeoG85tjWP5WquqfavoMtMwiG4P926ZKKuQ==
  dependencies:
    "@jridgewell/resolve-uri" "^3.0.3"
    "@jridgewell/sourcemap-codec" "^1.4.10"

"@tsconfig/node10@^1.0.7":
  version "1.0.11"
  resolved "https://registry.npmmirror.com/@tsconfig/node10/-/node10-1.0.11.tgz#6ee46400685f130e278128c7b38b7e031ff5b2f2"
  integrity sha512-DcRjDCujK/kCk/cUe8Xz8ZSpm8mS3mNNpta+jGCA6USEDfktlNvm1+IuZ9eTcDbNk41BHwpHHeW+N1lKCz4zOw==

"@tsconfig/node12@^1.0.7":
  version "1.0.11"
  resolved "https://registry.npmmirror.com/@tsconfig/node12/-/node12-1.0.11.tgz#ee3def1f27d9ed66dac6e46a295cffb0152e058d"
  integrity sha512-cqefuRsh12pWyGsIoBKJA9luFu3mRxCA+ORZvA4ktLSzIuCUtWVxGIuXigEwO5/ywWFMZ2QEGKWvkZG1zDMTag==

"@tsconfig/node14@^1.0.0":
  version "1.0.3"
  resolved "https://registry.npmmirror.com/@tsconfig/node14/-/node14-1.0.3.tgz#e4386316284f00b98435bf40f72f75a09dabf6c1"
  integrity sha512-ysT8mhdixWK6Hw3i1V2AeRqZ5WfXg1G43mqoYlM2nc6388Fq5jcXyr5mRsqViLx/GJYdoL0bfXD8nmF+Zn/Iow==

"@tsconfig/node16@^1.0.2":
  version "1.0.4"
  resolved "https://registry.npmmirror.com/@tsconfig/node16/-/node16-1.0.4.tgz#0b92dcc0cc1c81f6f306a381f28e31b1a56536e9"
  integrity sha512-vxhUy4J8lyeyinH7Azl1pdd43GJhZH/tP2weN8TntQblOY+A0XbT8DJk1/oCPuOOyg/Ja757rG0CgHcWC8OfMA==

"@types/fs-extra@^11.0.4":
  version "11.0.4"
  resolved "https://registry.npmmirror.com/@types/fs-extra/-/fs-extra-11.0.4.tgz#e16a863bb8843fba8c5004362b5a73e17becca45"
  integrity sha512-yTbItCNreRooED33qjunPthRcSjERP1r4MqCZc7wv0u2sUkzTFp45tgUfS5+r7FrZPdmCCNflLhVSP/o+SemsQ==
  dependencies:
    "@types/jsonfile" "*"
    "@types/node" "*"

"@types/jsonfile@*":
  version "6.1.4"
  resolved "https://registry.npmmirror.com/@types/jsonfile/-/jsonfile-6.1.4.tgz#614afec1a1164e7d670b4a7ad64df3e7beb7b702"
  integrity sha512-D5qGUYwjvnNNextdU59/+fI+spnwtTFmyQP0h+PfIOSkNfpU6AOICUOkm4i0OnSk+NyjdPJrxCDro0sJsWlRpQ==
  dependencies:
    "@types/node" "*"

"@types/node@*", "@types/node@^24.0.4":
  version "24.0.10"
  resolved "https://registry.npmmirror.com/@types/node/-/node-24.0.10.tgz#f65a169779bf0d70203183a1890be7bee8ca2ddb"
  integrity sha512-ENHwaH+JIRTDIEEbDK6QSQntAYGtbvdDXnMXnZaZ6k13Du1dPMmprkEHIL7ok2Wl2aZevetwTAb5S+7yIF+enA==
  dependencies:
    undici-types "~7.8.0"

acorn-walk@^8.1.1:
  version "8.3.4"
  resolved "https://registry.npmmirror.com/acorn-walk/-/acorn-walk-8.3.4.tgz#794dd169c3977edf4ba4ea47583587c5866236b7"
  integrity sha512-ueEepnujpqee2o5aIYnvHU6C0A42MNdsIDeqy5BydrkuC5R1ZuUFnm27EeFJGoEHJQgn3uleRvmTXaJgfXbt4g==
  dependencies:
    acorn "^8.11.0"

acorn@^8.11.0, acorn@^8.4.1:
  version "8.15.0"
  resolved "https://registry.npmmirror.com/acorn/-/acorn-8.15.0.tgz#a360898bc415edaac46c8241f6383975b930b816"
  integrity sha512-NZyJarBfL7nWwIq+FDL6Zp/yHEhePMNnnJ0y3qfieCrmNvYct8uvtiV41UvlSe6apAfk0fY1FbWx+NwfmpvtTg==

ansi-escapes@^4.3.2:
  version "4.3.2"
  resolved "https://registry.npmmirror.com/ansi-escapes/-/ansi-escapes-4.3.2.tgz#6b2291d1db7d98b6521d5f1efa42d0f3a9feb65e"
  integrity sha512-gKXj5ALrKWQLsYG9jlTRmR/xKluxHV+Z9QEwNIgCfM1/uwPMCuzVVnh5mwTd+OuBZcwSIMbqssNWRm1lE51QaQ==
  dependencies:
    type-fest "^0.21.3"

ansi-regex@^5.0.1:
  version "5.0.1"
  resolved "https://registry.npmmirror.com/ansi-regex/-/ansi-regex-5.0.1.tgz#082cb2c89c9fe8659a311a53bd6a4dc5301db304"
  integrity sha512-quJQXlTSUGL2LH9SUXo8VwsY4soanhgo6LNSm84E1LBcE8s3O0wpdiRzyR9z/ZZJMlMWv37qOOb9pdJlMUEKFQ==

ansi-styles@^4.0.0:
  version "4.3.0"
  resolved "https://registry.npmmirror.com/ansi-styles/-/ansi-styles-4.3.0.tgz#edd803628ae71c04c85ae7a0906edad34b648937"
  integrity sha512-zbB9rCJAT1rbjiVDb2hqKFHNYLxgtk8NURxZ3IZwD3F6NtxbXZQCnnSi1Lkx+IDohdPlFp222wVALIheZJQSEg==
  dependencies:
    color-convert "^2.0.1"

arg@^4.1.0:
  version "4.1.3"
  resolved "https://registry.npmmirror.com/arg/-/arg-4.1.3.tgz#269fc7ad5b8e42cb63c896d5666017261c144089"
  integrity sha512-58S9QDqG0Xx27YwPSt9fJxivjYl432YCwfDMfZ+71RAqUrZef7LrKQZ3LHLOwCS4FLNBplP533Zx895SeOCHvA==

chalk@^5.3.0:
  version "5.4.1"
  resolved "https://registry.npmmirror.com/chalk/-/chalk-5.4.1.tgz#1b48bf0963ec158dce2aacf69c093ae2dd2092d8"
  integrity sha512-zgVZuo2WcZgfUEmsn6eO3kINexW8RAE4maiQ8QNs8CtpPCSyMiYsULR3HQYkm3w8FIA3SberyMJMSldGsW+U3w==

chardet@^0.7.0:
  version "0.7.0"
  resolved "https://registry.npmmirror.com/chardet/-/chardet-0.7.0.tgz#90094849f0937f2eedc2425d0d28a9e5f0cbad9e"
  integrity sha512-mT8iDcrh03qDGRRmoA2hmBJnxpllMR+0/0qlzjqZES6NdiWDcZkCNAk4rPFZ9Q85r27unkiNNg8ZOiwZXBHwcA==

cli-width@^4.1.0:
  version "4.1.0"
  resolved "https://registry.npmmirror.com/cli-width/-/cli-width-4.1.0.tgz#42daac41d3c254ef38ad8ac037672130173691c5"
  integrity sha512-ouuZd4/dm2Sw5Gmqy6bGyNNNe1qt9RpmxveLSO7KcgsTnU7RXfsw+/bukWGo1abgBiMAic068rclZsO4IWmmxQ==

color-convert@^2.0.1:
  version "2.0.1"
  resolved "https://registry.npmmirror.com/color-convert/-/color-convert-2.0.1.tgz#72d3a68d598c9bdb3af2ad1e84f21d896abd4de3"
  integrity sha512-RRECPsj7iu/xb5oKYcsFHSppFNnsj/52OVTRKb4zP5onXwVF3zVmmToNcOfGC+CRDpfK/U584fMg38ZHCaElKQ==
  dependencies:
    color-name "~1.1.4"

color-name@~1.1.4:
  version "1.1.4"
  resolved "https://registry.npmmirror.com/color-name/-/color-name-1.1.4.tgz#c2a09a87acbde69543de6f63fa3995c826c536a2"
  integrity sha512-dOy+3AuW3a2wNbZHIuMZpTcgjGuLU/uBL/ubcZF9OXbDo8ff4O8yVp5Bf0efS8uEoYo5q4Fx7dY9OgQGXgAsQA==

commander@^14.0.0:
  version "14.0.0"
  resolved "https://registry.npmmirror.com/commander/-/commander-14.0.0.tgz#f244fc74a92343514e56229f16ef5c5e22ced5e9"
  integrity sha512-2uM9rYjPvyq39NwLRqaiLtWHyDC1FvryJDa2ATTVims5YAS4PupsEQsDvP14FqhFr0P49CYDugi59xaxJlTXRA==

create-require@^1.1.0:
  version "1.1.1"
  resolved "https://registry.npmmirror.com/create-require/-/create-require-1.1.1.tgz#c1d7e8f1e5f6cfc9ff65f9cd352d37348756c333"
  integrity sha512-dcKFX3jn0MpIaXjisoRvexIJVEKzaq7z2rZKxf+MSr9TkdmHmsU4m2lcLojrj/FHl8mk5VxMmYA+ftRkP/3oKQ==

diff@^4.0.1:
  version "4.0.2"
  resolved "https://registry.npmmirror.com/diff/-/diff-4.0.2.tgz#60f3aecb89d5fae520c11aa19efc2bb982aade7d"
  integrity sha512-58lmxKSA4BNyLz+HHMUzlOEpg09FV+ev6ZMe3vJihgdxzgcwZ8VoEEPmALCZG9LmqfVoNMMKpttIYTVG6uDY7A==

emoji-regex@^8.0.0:
  version "8.0.0"
  resolved "https://registry.npmmirror.com/emoji-regex/-/emoji-regex-8.0.0.tgz#e818fd69ce5ccfcb404594f842963bf53164cc37"
  integrity sha512-MSjYzcWNOA0ewAHpz0MxpYFvwg6yjy1NG3xteoqz644VCo/RPgnr1/GGt+ic3iJTzQ8Eu3TdM14SawnVUmGE6A==

esbuild@~0.25.0:
  version "0.25.5"
  resolved "https://registry.npmmirror.com/esbuild/-/esbuild-0.25.5.tgz#71075054993fdfae76c66586f9b9c1f8d7edd430"
  integrity sha512-P8OtKZRv/5J5hhz0cUAdu/cLuPIKXpQl1R9pZtvmHWQvrAUVd0UNIPT4IB4W3rNOqVO0rlqHmCIbSwxh/c9yUQ==
  optionalDependencies:
    "@esbuild/aix-ppc64" "0.25.5"
    "@esbuild/android-arm" "0.25.5"
    "@esbuild/android-arm64" "0.25.5"
    "@esbuild/android-x64" "0.25.5"
    "@esbuild/darwin-arm64" "0.25.5"
    "@esbuild/darwin-x64" "0.25.5"
    "@esbuild/freebsd-arm64" "0.25.5"
    "@esbuild/freebsd-x64" "0.25.5"
    "@esbuild/linux-arm" "0.25.5"
    "@esbuild/linux-arm64" "0.25.5"
    "@esbuild/linux-ia32" "0.25.5"
    "@esbuild/linux-loong64" "0.25.5"
    "@esbuild/linux-mips64el" "0.25.5"
    "@esbuild/linux-ppc64" "0.25.5"
    "@esbuild/linux-riscv64" "0.25.5"
    "@esbuild/linux-s390x" "0.25.5"
    "@esbuild/linux-x64" "0.25.5"
    "@esbuild/netbsd-arm64" "0.25.5"
    "@esbuild/netbsd-x64" "0.25.5"
    "@esbuild/openbsd-arm64" "0.25.5"
    "@esbuild/openbsd-x64" "0.25.5"
    "@esbuild/sunos-x64" "0.25.5"
    "@esbuild/win32-arm64" "0.25.5"
    "@esbuild/win32-ia32" "0.25.5"
    "@esbuild/win32-x64" "0.25.5"

external-editor@^3.1.0:
  version "3.1.0"
  resolved "https://registry.npmmirror.com/external-editor/-/external-editor-3.1.0.tgz#cb03f740befae03ea4d283caed2741a83f335495"
  integrity sha512-hMQ4CX1p1izmuLYyZqLMO/qGNw10wSv9QDCPfzXfyFrOaCSSoRfqE1Kf1s5an66J5JZC62NewG+mK49jOCtQew==
  dependencies:
    chardet "^0.7.0"
    iconv-lite "^0.4.24"
    tmp "^0.0.33"

fs-extra@^11.2.0:
  version "11.3.0"
  resolved "https://registry.npmmirror.com/fs-extra/-/fs-extra-11.3.0.tgz#0daced136bbaf65a555a326719af931adc7a314d"
  integrity sha512-Z4XaCL6dUDHfP/jT25jJKMmtxvuwbkrD1vNSMFlo9lNLY2c5FHYSQgHPRZUjAB26TpDEoW9HCOgplrdbaPV/ew==
  dependencies:
    graceful-fs "^4.2.0"
    jsonfile "^6.0.1"
    universalify "^2.0.0"

fsevents@~2.3.3:
  version "2.3.3"
  resolved "https://registry.npmmirror.com/fsevents/-/fsevents-2.3.3.tgz#cac6407785d03675a2a5e1a5305c697b347d90d6"
  integrity sha512-5xoDfX+fL7faATnagmWPpbFtwh/R77WmMMqqHGS65C3vvB0YHrgF+B1YmZ3441tMj5n63k0212XNoJwzlhffQw==

get-tsconfig@^4.7.5:
  version "4.10.1"
  resolved "https://registry.npmmirror.com/get-tsconfig/-/get-tsconfig-4.10.1.tgz#d34c1c01f47d65a606c37aa7a177bc3e56ab4b2e"
  integrity sha512-auHyJ4AgMz7vgS8Hp3N6HXSmlMdUyhSUrfBF16w153rxtLIEOE+HGqaBppczZvnHLqQJfiHotCYpNhl0lUROFQ==
  dependencies:
    resolve-pkg-maps "^1.0.0"

graceful-fs@^4.1.6, graceful-fs@^4.2.0:
  version "4.2.11"
  resolved "https://registry.npmmirror.com/graceful-fs/-/graceful-fs-4.2.11.tgz#4183e4e8bf08bb6e05bbb2f7d2e0c8f712ca40e3"
  integrity sha512-RbJ5/jmFcNNCcDV5o9eTnBLJ/HszWV0P73bc+Ff4nS/rJj+YaS6IGyiOL0VoBYX+l1Wrl3k63h/KrH+nhJ0XvQ==

husky@^9.1.7:
  version "9.1.7"
  resolved "https://registry.npmjs.org/husky/-/husky-9.1.7.tgz#d46a38035d101b46a70456a850ff4201344c0b2d"
  integrity sha512-5gs5ytaNjBrh5Ow3zrvdUUY+0VxIuWVL4i9irt6friV+BqdCfmV11CQTWMiBYWHbXhco+J1kHfTOUkePhCDvMA==

iconv-lite@^0.4.24:
  version "0.4.24"
  resolved "https://registry.npmmirror.com/iconv-lite/-/iconv-lite-0.4.24.tgz#2022b4b25fbddc21d2f524974a474aafe733908b"
  integrity sha512-v3MXnZAcvnywkTUEZomIActle7RXXeedOR31wwl7VlyoXO4Qi9arvSenNQWne1TcRwhCL1HwLI21bEqdpj8/rA==
  dependencies:
    safer-buffer ">= 2.1.2 < 3"

is-fullwidth-code-point@^3.0.0:
  version "3.0.0"
  resolved "https://registry.npmmirror.com/is-fullwidth-code-point/-/is-fullwidth-code-point-3.0.0.tgz#f116f8064fe90b3f7844a38997c0b75051269f1d"
  integrity sha512-zymm5+u+sCsSWyD9qNaejV3DFvhCKclKdizYaJUuHA83RLjb7nSuGnddCHGv0hk+KY7BMAlsWeK4Ueg6EV6XQg==

jsonfile@^6.0.1:
  version "6.1.0"
  resolved "https://registry.npmmirror.com/jsonfile/-/jsonfile-6.1.0.tgz#bc55b2634793c679ec6403094eb13698a6ec0aae"
  integrity sha512-5dgndWOriYSm5cnYaJNhalLNDKOqFwyDB/rr1E9ZsGciGvKPs8R2xYGCacuf3z6K1YKDz182fd+fY3cn3pMqXQ==
  dependencies:
    universalify "^2.0.0"
  optionalDependencies:
    graceful-fs "^4.1.6"

make-error@^1.1.1:
  version "1.3.6"
  resolved "https://registry.npmmirror.com/make-error/-/make-error-1.3.6.tgz#2eb2e37ea9b67c4891f684a1394799af484cf7a2"
  integrity sha512-s8UhlNe7vPKomQhC1qFelMokr/Sc3AgNbso3n74mVPA5LTZwkB9NlXf4XPamLxJE8h0gh73rM94xvwRT2CVInw==

minimist@^1.2.8:
  version "1.2.8"
  resolved "https://registry.npmmirror.com/minimist/-/minimist-1.2.8.tgz#c1a464e7693302e082a075cee0c057741ac4772c"
  integrity sha512-2yyAR8qBkN3YuheJanUpWC5U3bb5osDywNB8RzDVlDwDHbocAJveqqj1u8+SVD7jkWT4yvsHCpWqqWqAxb0zCA==

mute-stream@^2.0.0:
  version "2.0.0"
  resolved "https://registry.npmmirror.com/mute-stream/-/mute-stream-2.0.0.tgz#a5446fc0c512b71c83c44d908d5c7b7b4c493b2b"
  integrity sha512-WWdIxpyjEn+FhQJQQv9aQAYlHoNVdzIzUySNV1gHUPDSdZJ3yZn7pAAbQcV7B56Mvu881q9FZV+0Vx2xC44VWA==

os-tmpdir@~1.0.2:
  version "1.0.2"
  resolved "https://registry.npmmirror.com/os-tmpdir/-/os-tmpdir-1.0.2.tgz#bbe67406c79aa85c5cfec766fe5734555dfa1274"
  integrity sha512-D2FR03Vir7FIu45XBY20mTb+/ZSWB00sjU9jdQXt83gDrI4Ztz5Fs7/yy74g2N5SVQY4xY1qDr4rNddwYRVX0g==

resolve-pkg-maps@^1.0.0:
  version "1.0.0"
  resolved "https://registry.npmmirror.com/resolve-pkg-maps/-/resolve-pkg-maps-1.0.0.tgz#616b3dc2c57056b5588c31cdf4b3d64db133720f"
  integrity sha512-seS2Tj26TBVOC2NIc2rOe2y2ZO7efxITtLZcGSOnHHNOQ7CkiUBfw0Iw2ck6xkIhPwLhKNLS8BO+hEpngQlqzw==

"safer-buffer@>= 2.1.2 < 3":
  version "2.1.2"
  resolved "https://registry.npmmirror.com/safer-buffer/-/safer-buffer-2.1.2.tgz#44fa161b0187b9549dd84bb91802f9bd8385cd6a"
  integrity sha512-YZo3K82SD7Riyi0E1EQPojLz7kpepnSQI9IyPbHHg1XXXevb5dJI7tpyN2ADxGcQbHG7vcyRHk0cbwqcQriUtg==

signal-exit@^4.1.0:
  version "4.1.0"
  resolved "https://registry.npmmirror.com/signal-exit/-/signal-exit-4.1.0.tgz#952188c1cbd546070e2dd20d0f41c0ae0530cb04"
  integrity sha512-bzyZ1e88w9O1iNJbKnOlvYTrWPDl46O1bG0D3XInv+9tkPrxrN8jUUTiFlDkkmKWgn1M6CfIA13SuGqOa9Korw==

string-width@^4.1.0:
  version "4.2.3"
  resolved "https://registry.npmmirror.com/string-width/-/string-width-4.2.3.tgz#269c7117d27b05ad2e536830a8ec895ef9c6d010"
  integrity sha512-wKyQRQpjJ0sIp62ErSZdGsjMJWsap5oRNihHhu6G7JVO/9jIB6UyevL+tXuOqrng8j/cxKTWyWUwvSTriiZz/g==
  dependencies:
    emoji-regex "^8.0.0"
    is-fullwidth-code-point "^3.0.0"
    strip-ansi "^6.0.1"

strip-ansi@^6.0.0, strip-ansi@^6.0.1:
  version "6.0.1"
  resolved "https://registry.npmmirror.com/strip-ansi/-/strip-ansi-6.0.1.tgz#9e26c63d30f53443e9489495b2105d37b67a85d9"
  integrity sha512-Y38VPSHcqkFrCpFnQ9vuSXmquuv5oXOKpGeT6aGrr3o3Gc9AlVa6JBfUSOCnbxGGZF+/0ooI7KrPuUSztUdU5A==
  dependencies:
    ansi-regex "^5.0.1"

tmp@^0.0.33:
  version "0.0.33"
  resolved "https://registry.npmmirror.com/tmp/-/tmp-0.0.33.tgz#6d34335889768d21b2bcda0aa277ced3b1bfadf9"
  integrity sha512-jRCJlojKnZ3addtTOjdIqoRuPEKBvNXcGYqzO6zWZX8KfKEpnGY5jfggJQ3EjKuu8D4bJRr0y+cYJFmYbImXGw==
  dependencies:
    os-tmpdir "~1.0.2"

ts-node@^10.9.2:
  version "10.9.2"
  resolved "https://registry.npmmirror.com/ts-node/-/ts-node-10.9.2.tgz#70f021c9e185bccdca820e26dc413805c101c71f"
  integrity sha512-f0FFpIdcHgn8zcPSbf1dRevwt047YMnaiJM3u2w2RewrB+fob/zePZcrOyQoLMMO7aBIddLcQIEK5dYjkLnGrQ==
  dependencies:
    "@cspotcode/source-map-support" "^0.8.0"
    "@tsconfig/node10" "^1.0.7"
    "@tsconfig/node12" "^1.0.7"
    "@tsconfig/node14" "^1.0.0"
    "@tsconfig/node16" "^1.0.2"
    acorn "^8.4.1"
    acorn-walk "^8.1.1"
    arg "^4.1.0"
    create-require "^1.1.0"
    diff "^4.0.1"
    make-error "^1.1.1"
    v8-compile-cache-lib "^3.0.1"
    yn "3.1.1"

tsx@^4.20.3:
  version "4.20.3"
  resolved "https://registry.npmmirror.com/tsx/-/tsx-4.20.3.tgz#f913e4911d59ad177c1bcee19d1035ef8dd6e2fb"
  integrity sha512-qjbnuR9Tr+FJOMBqJCW5ehvIo/buZq7vH7qD7JziU98h6l3qGy0a/yPFjwO+y0/T7GFpNgNAvEcPPVfyT8rrPQ==
  dependencies:
    esbuild "~0.25.0"
    get-tsconfig "^4.7.5"
  optionalDependencies:
    fsevents "~2.3.3"

type-fest@^0.21.3:
  version "0.21.3"
  resolved "https://registry.npmmirror.com/type-fest/-/type-fest-0.21.3.tgz#d260a24b0198436e133fa26a524a6d65fa3b2e37"
  integrity sha512-t0rzBq87m3fVcduHDUFhKmyyX+9eo6WQjZvf51Ea/M0Q7+T374Jp1aUiyUl0GKxp8M/OETVHSDvmkyPgvX+X2w==

typescript@^5.8.3:
  version "5.8.3"
  resolved "https://registry.npmmirror.com/typescript/-/typescript-5.8.3.tgz#92f8a3e5e3cf497356f4178c34cd65a7f5e8440e"
  integrity sha512-p1diW6TqL9L07nNxvRMM7hMMw4c5XOo/1ibL4aAIGmSAt9slTE1Xgw5KWuof2uTOvCg9BY7ZRi+GaF+7sfgPeQ==

undici-types@~7.8.0:
  version "7.8.0"
  resolved "https://registry.npmmirror.com/undici-types/-/undici-types-7.8.0.tgz#de00b85b710c54122e44fbfd911f8d70174cd294"
  integrity sha512-9UJ2xGDvQ43tYyVMpuHlsgApydB8ZKfVYTsLDhXkFL/6gfkp+U8xTGdh8pMJv1SpZna0zxG1DwsKZsreLbXBxw==

universalify@^2.0.0:
  version "2.0.1"
  resolved "https://registry.npmmirror.com/universalify/-/universalify-2.0.1.tgz#168efc2180964e6386d061e094df61afe239b18d"
  integrity sha512-gptHNQghINnc/vTGIk0SOFGFNXw7JVrlRUtConJRlvaw6DuX0wO5Jeko9sWrMBhh+PsYAZ7oXAiOnf/UKogyiw==

v8-compile-cache-lib@^3.0.1:
  version "3.0.1"
  resolved "https://registry.npmmirror.com/v8-compile-cache-lib/-/v8-compile-cache-lib-3.0.1.tgz#6336e8d71965cb3d35a1bbb7868445a7c05264bf"
  integrity sha512-wa7YjyUGfNZngI/vtK0UHAN+lgDCxBPCylVXGp0zu59Fz5aiGtNXaq3DhIov063MorB+VfufLh3JlF2KdTK3xg==

wrap-ansi@^6.2.0:
  version "6.2.0"
  resolved "https://registry.npmmirror.com/wrap-ansi/-/wrap-ansi-6.2.0.tgz#e9393ba07102e6c91a3b221478f0257cd2856e53"
  integrity sha512-r6lPcBGxZXlIcymEu7InxDMhdW0KDxpLgoFLcguasxCaJ/SOIZwINatK9KY/tf+ZrlywOKU0UDj3ATXUBfxJXA==
  dependencies:
    ansi-styles "^4.0.0"
    string-width "^4.1.0"
    strip-ansi "^6.0.0"

yn@3.1.1:
  version "3.1.1"
  resolved "https://registry.npmmirror.com/yn/-/yn-3.1.1.tgz#1e87401a09d767c1d5eab26a6e4c185182d2eb50"
  integrity sha512-Ux4ygGWsu2c7isFWe8Yu1YluJmqVhxqK2cLXNQA5AcC3QfbGNpM7fu0Y8b/z16pXLnFxZYvWhd3fhBY9DLmC6Q==

yoctocolors-cjs@^2.1.2:
  version "2.1.2"
  resolved "https://registry.npmmirror.com/yoctocolors-cjs/-/yoctocolors-cjs-2.1.2.tgz#f4b905a840a37506813a7acaa28febe97767a242"
  integrity sha512-cYVsTjKl8b+FrnidjibDWskAv7UKOfcwaVZdp/it9n1s9fU3IkgDbhdIRKCW4JDsAlECJY0ytoVPT3sK6kideA==
